
Microsoft Visual Studio Solution File, Format Version 12.00
# Visual Studio Version 17
VisualStudioVersion = 17.5.33424.131
MinimumVisualStudioVersion = 10.0.40219.1
Project("{FAE04EC0-301F-11D3-BF4B-00C04F79EFBC}") = "FinancialProcessing", "ProcessamentoFinanceiro\FinancialProcessing.csproj", "{76B12104-C88F-475A-B416-9139860E9507}"
EndProject
Global
	GlobalSection(SolutionConfigurationPlatforms) = preSolution
		Debug|Any CPU = Debug|Any CPU
		Release|Any CPU = Release|Any CPU
	EndGlobalSection
	GlobalSection(ProjectConfigurationPlatforms) = postSolution
		{76B12104-C88F-475A-B416-9139860E9507}.Debug|Any CPU.ActiveCfg = Debug|Any CPU
		{76B12104-C88F-475A-B416-9139860E9507}.Debug|Any CPU.Build.0 = Debug|Any CPU
		{76B12104-C88F-475A-B416-9139860E9507}.Release|Any CPU.ActiveCfg = Release|Any CPU
		{76B12104-C88F-475A-B416-9139860E9507}.Release|Any CPU.Build.0 = Release|Any CPU
	EndGlobalSection
	GlobalSection(SolutionProperties) = preSolution
		HideSolutionNode = FALSE
	EndGlobalSection
	GlobalSection(ExtensibilityGlobals) = postSolution
		SolutionGuid = {E6897068-B350-4ED7-A0A6-EDBFDB995DB0}
	EndGlobalSection
EndGlobal
